<?xml version="1.0" encoding="utf-8"?>
<Project ToolsVersion="4.0" xmlns="http://schemas.microsoft.com/developer/msbuild/2003">
  <ItemGroup>
    <Filter Include="Source Files">
      <UniqueIdentifier>{4FC737F1-C7A5-4376-A066-2A32D752A2FF}</UniqueIdentifier>
      <Extensions>cpp;c;cc;cxx;def;odl;idl;hpj;bat;asm;asmx</Extensions>
    </Filter>
    <Filter Include="Header Files">
      <UniqueIdentifier>{93995380-89BD-4b04-88EB-625FBE52EBFB}</UniqueIdentifier>
      <Extensions>h;hh;hpp;hxx;hm;inl;inc;xsd</Extensions>
    </Filter>
    <Filter Include="Resource Files">
      <UniqueIdentifier>{67DA6AB6-F800-4c08-8B7A-83BB121AAD01}</UniqueIdentifier>
      <Extensions>rc;ico;cur;bmp;dlg;rc2;rct;bin;rgs;gif;jpg;jpeg;jpe;resx;tiff;tif;png;wav;mfcribbon-ms</Extensions>
    </Filter>
    <Filter Include="Console System">
      <UniqueIdentifier>{6563570f-ec4a-4b43-a27f-d62c1525e640}</UniqueIdentifier>
    </Filter>
    <Filter Include="Log File">
      <UniqueIdentifier>{f408f389-3a9e-4ac1-b08f-fc34b7b40876}</UniqueIdentifier>
    </Filter>
    <Filter Include="Hephaestus">
      <UniqueIdentifier>{2d75ddfb-3258-4c30-9677-55f8879980d7}</UniqueIdentifier>
    </Filter>
    <Filter Include="Hephaestus\Hephaestus Headers">
      <UniqueIdentifier>{dab3693a-9783-4e6e-9b15-f52b26a8fc5a}</UniqueIdentifier>
    </Filter>
    <Filter Include="Hephaestus\Hephaestus Core">
      <UniqueIdentifier>{76cd2b99-5bc0-49dd-8fa0-09e59605cb40}</UniqueIdentifier>
    </Filter>
    <Filter Include="Hephaestus\Hephaestus Support Files">
      <UniqueIdentifier>{057321ea-897c-4afa-a94a-3a1363829868}</UniqueIdentifier>
    </Filter>
    <Filter Include="Hephaestus\Hephaestus Definitions">
      <UniqueIdentifier>{10bd7917-3f25-4fd9-858f-78277dd5ca28}</UniqueIdentifier>
    </Filter>
  </ItemGroup>
  <ItemGroup>
    <ClCompile Include="Consolas.cpp">
      <Filter>Console System</Filter>
    </ClCompile>
    <ClCompile Include="Window.cpp">
      <Filter>Hephaestus\Hephaestus Core</Filter>
    </ClCompile>
    <ClCompile Include="Core.cpp">
      <Filter>Source Files</Filter>
    </ClCompile>
    <ClCompile Include="Initialize.cpp">
      <Filter>Hephaestus\Hephaestus Core</Filter>
    </ClCompile>
  </ItemGroup>
  <ItemGroup>
    <ClInclude Include="Consolas.h">
      <Filter>Console System</Filter>
    </ClInclude>
    <ClInclude Include="stdlibraries.h">
      <Filter>Header Files</Filter>
    </ClInclude>
    <ClInclude Include="Window.h">
      <Filter>Hephaestus\Hephaestus Headers</Filter>
    </ClInclude>
    <ClInclude Include="Initialize.h">
      <Filter>Hephaestus\Hephaestus Headers</Filter>
    </ClInclude>
    <ClInclude Include="resource.h">
      <Filter>Header Files</Filter>
    </ClInclude>
    <ClInclude Include="Stuctures.h">
      <Filter>Hephaestus\Hephaestus Definitions</Filter>
    </ClInclude>
    <ClInclude Include="Definitons.h">
      <Filter>Hephaestus\Hephaestus Definitions</Filter>
    </ClInclude>
    <ClInclude Include="Classes.h">
      <Filter>Hephaestus\Hephaestus Definitions</Filter>
    </ClInclude>
  </ItemGroup>
  <ItemGroup>
    <Text Include="Log Data.log">
      <Filter>Log File</Filter>
    </Text>
  </ItemGroup>
  <ItemGroup>
    <ResourceCompile Include="Hephaestus Engine.rc">
      <Filter>Resource Files</Filter>
    </ResourceCompile>
  </ItemGroup>
  <ItemGroup>
    <None Include="Hephaestus Support Files\Resolutions.supt">
      <Filter>Hephaestus\Hephaestus Support Files</Filter>
    </None>
    <None Include="Hephaestus Support Files\Window Settings.supt">
      <Filter>Hephaestus\Hephaestus Support Files</Filter>
    </None>
  </ItemGroup>
</Project>